
Microsoft Visual Studio Solution File, Format Version 12.00
# Visual Studio Version 17
VisualStudioVersion = 17.0.31903.59
MinimumVisualStudioVersion = 10.0.40219.1
Project("{2150E333-8FDC-42A3-9474-1A3956D46DE8}") = "src", "src", "{5944D9F3-6620-4AF5-A057-D6DD8CD0E1FB}"
EndProject
Project("{2150E333-8FDC-42A3-9474-1A3956D46DE8}") = ".github", ".github", "{80320635-4603-4EA4-8718-D2249CE3B7AE}"
EndProject
Project("{2150E333-8FDC-42A3-9474-1A3956D46DE8}") = "workflows", "workflows", "{22FAC276-020D-4869-A02A-D8D352B41891}"
	ProjectSection(SolutionItems) = preProject
		.github\workflows\build.yml = .github\workflows\build.yml
		.github\workflows\codeql-analysis.yml = .github\workflows\codeql-analysis.yml
		.github\workflows\github-stable-release.yml = .github\workflows\github-stable-release.yml
		.github\workflows\nuget-stable-release.yml = .github\workflows\nuget-stable-release.yml
		.github\workflows\github-nightly-release.yml = .github\workflows\github-nightly-release.yml
		.github\workflows\github-nightly-cleanup.yml = .github\workflows\github-nightly-cleanup.yml
		.github\workflows\nuget-beta-release.yml = .github\workflows\nuget-beta-release.yml
	EndProjectSection
EndProject
Project("{2150E333-8FDC-42A3-9474-1A3956D46DE8}") = "scripts", "scripts", "{612D13F6-F6D3-4F92-9B76-A11E2B0F7AAB}"
	ProjectSection(SolutionItems) = preProject
		scripts\build.ps1 = scripts\build.ps1
	EndProjectSection
EndProject
Project("{F2A71F9B-5D33-465A-A702-920D77279786}") = "Calaf", "src\Calaf\Calaf.fsproj", "{C23E829F-EB46-4B45-9756-275CECCEF309}"
EndProject
Project("{2150E333-8FDC-42A3-9474-1A3956D46DE8}") = "config", "config", "{08CCEE5C-42F2-464A-B45E-6346BC676E1A}"
	ProjectSection(SolutionItems) = preProject
		config\local-build-settings.json = config\local-build-settings.json
	EndProjectSection
EndProject
Project("{2150E333-8FDC-42A3-9474-1A3956D46DE8}") = "tests", "tests", "{A71BA2EC-BFA5-49D3-B44A-CBAE0D8FDF09}"
EndProject
Project("{F2A71F9B-5D33-465A-A702-920D77279786}") = "Calaf.Tests", "tests\Calaf.Tests\Calaf.Tests.fsproj", "{A63C3EE6-63C0-4D58-B064-5305F6279816}"
EndProject
Global
	GlobalSection(SolutionConfigurationPlatforms) = preSolution
		Debug|Any CPU = Debug|Any CPU
		Release|Any CPU = Release|Any CPU
	EndGlobalSection
	GlobalSection(SolutionProperties) = preSolution
		HideSolutionNode = FALSE
	EndGlobalSection
	GlobalSection(NestedProjects) = preSolution
		{22FAC276-020D-4869-A02A-D8D352B41891} = {80320635-4603-4EA4-8718-D2249CE3B7AE}
		{C23E829F-EB46-4B45-9756-275CECCEF309} = {5944D9F3-6620-4AF5-A057-D6DD8CD0E1FB}
		{A63C3EE6-63C0-4D58-B064-5305F6279816} = {A71BA2EC-BFA5-49D3-B44A-CBAE0D8FDF09}
	EndGlobalSection
	GlobalSection(ProjectConfigurationPlatforms) = postSolution
		{C23E829F-EB46-4B45-9756-275CECCEF309}.Debug|Any CPU.ActiveCfg = Debug|Any CPU
		{C23E829F-EB46-4B45-9756-275CECCEF309}.Debug|Any CPU.Build.0 = Debug|Any CPU
		{C23E829F-EB46-4B45-9756-275CECCEF309}.Release|Any CPU.ActiveCfg = Release|Any CPU
		{C23E829F-EB46-4B45-9756-275CECCEF309}.Release|Any CPU.Build.0 = Release|Any CPU
		{A63C3EE6-63C0-4D58-B064-5305F6279816}.Debug|Any CPU.ActiveCfg = Debug|Any CPU
		{A63C3EE6-63C0-4D58-B064-5305F6279816}.Debug|Any CPU.Build.0 = Debug|Any CPU
		{A63C3EE6-63C0-4D58-B064-5305F6279816}.Release|Any CPU.ActiveCfg = Release|Any CPU
		{A63C3EE6-63C0-4D58-B064-5305F6279816}.Release|Any CPU.Build.0 = Release|Any CPU
	EndGlobalSection
EndGlobal
